
Microsoft Visual Studio Solution File, Format Version 12.00
# Visual Studio 15
VisualStudioVersion = 15.0.27703.2047
MinimumVisualStudioVersion = 10.0.40219.1
Project("{888888A0-9F3D-457C-B088-3A5042F75D52}") = "爬取各站VIP视频", "爬取各站VIP视频\爬取各站VIP视频.pyproj", "{F6AA87FB-E777-40E5-993E-A44AE6A48297}"
EndProject
Project("{888888A0-9F3D-457C-B088-3A5042F75D52}") = "猜密码", "猜密码\猜密码.pyproj", "{0F7D0C34-D116-4A65-B0B2-ECE470DC4242}"
EndProject
Project("{888888A0-9F3D-457C-B088-3A5042F75D52}") = "花溪PM2.5简单采集", "花溪PM2.5简单采集\花溪PM2.5简单采集.pyproj", "{E273C2D1-F2FE-40C1-A110-1C1DEBCC6343}"
EndProject
Project("{888888A0-9F3D-457C-B088-3A5042F75D52}") = "第一个简单爬虫", "第一个简单爬虫\第一个简单爬虫.pyproj", "{46308615-E818-4E51-9F7F-81585110118C}"
EndProject
Project("{888888A0-9F3D-457C-B088-3A5042F75D52}") = "中国大学排名定向爬虫", "中国大学排名定向爬虫\中国大学排名定向爬虫.pyproj", "{5C5701E0-9F63-43AA-A87E-FF64F5AC9903}"
EndProject
Project("{888888A0-9F3D-457C-B088-3A5042F75D52}") = "一个whois信息收集器", "一个whois信息收集器\一个whois信息收集器.pyproj", "{99B5042D-3230-4808-B85C-E63E068DCA3D}"
EndProject
Project("{2150E333-8FDC-42A3-9474-1A3956D46DE8}") = "python黑客简单三件套", "python黑客简单三件套", "{835373BE-7AE4-4957-A054-04BCE2799EFE}"
EndProject
Project("{888888A0-9F3D-457C-B088-3A5042F75D52}") = "arp断网攻击", "arp断网攻击\arp断网攻击.pyproj", "{F15854E7-B3CB-4426-9B19-B572DD88CE5E}"
EndProject
Project("{888888A0-9F3D-457C-B088-3A5042F75D52}") = "目录信息收集", "目录信息收集\目录信息收集.pyproj", "{D5469E4C-AC67-4F3F-AD3B-91184411E7DC}"
EndProject
Project("{2150E333-8FDC-42A3-9474-1A3956D46DE8}") = "嵩天爬虫", "嵩天爬虫", "{2C6BE4BA-3EC5-48FB-AF6D-7B7888813D99}"
EndProject
Project("{888888A0-9F3D-457C-B088-3A5042F75D52}") = "淘宝商品信息定向爬虫", "淘宝商品信息定向爬虫\淘宝商品信息定向爬虫.pyproj", "{42634C30-9568-4875-A8D5-3D59B9DF0955}"
EndProject
Project("{888888A0-9F3D-457C-B088-3A5042F75D52}") = "股票数据定向爬虫", "股票数据定向爬虫\股票数据定向爬虫.pyproj", "{779F5A26-9798-4E1B-8C71-32D5FED07438}"
EndProject
Project("{888888A0-9F3D-457C-B088-3A5042F75D52}") = "scrap爬虫框架的简单演示", "scrap爬虫框架的简单演示\scrap爬虫框架的简单演示.pyproj", "{9ABCEED4-D5BE-4BFA-97B4-51237846B248}"
EndProject
Project("{888888A0-9F3D-457C-B088-3A5042F75D52}") = "股票数据Scrap爬虫", "股票数据Scrap爬虫\股票数据Scrap爬虫.pyproj", "{79E79CDA-F559-4DD9-8E08-17F66D2BF441}"
EndProject
Project("{2150E333-8FDC-42A3-9474-1A3956D46DE8}") = "scrapy框架", "scrapy框架", "{02D3EE62-7BB3-44DD-818E-B85A6B5F66BB}"
EndProject
Project("{888888A0-9F3D-457C-B088-3A5042F75D52}") = "scrapy简单演示", "scrapy简单演示\scrapy简单演示.pyproj", "{4DACCA9D-F8D2-4560-8059-127AE19F1067}"
EndProject
Project("{888888A0-9F3D-457C-B088-3A5042F75D52}") = "搜狗搜索引擎搜索关键词", "搜狗搜索引擎搜索关键词\搜狗搜索引擎搜索关键词.pyproj", "{CF8FD905-63B1-4B7F-A984-90F75C60E2B0}"
EndProject
Project("{2150E333-8FDC-42A3-9474-1A3956D46DE8}") = "小甲鱼爬虫", "小甲鱼爬虫", "{88CBAC67-0D24-4B74-8815-B837DED50617}"
EndProject
Project("{888888A0-9F3D-457C-B088-3A5042F75D52}") = "download_mm", "download_mm\download_mm.pyproj", "{69E6CFC9-B732-478B-95AF-124EDB0BF67E}"
EndProject
Global
	GlobalSection(SolutionConfigurationPlatforms) = preSolution
		Debug|Any CPU = Debug|Any CPU
		Debug|x64 = Debug|x64
		Debug|x86 = Debug|x86
		Release|Any CPU = Release|Any CPU
		Release|x64 = Release|x64
		Release|x86 = Release|x86
	EndGlobalSection
	GlobalSection(ProjectConfigurationPlatforms) = postSolution
		{F6AA87FB-E777-40E5-993E-A44AE6A48297}.Debug|Any CPU.ActiveCfg = Debug|Any CPU
		{F6AA87FB-E777-40E5-993E-A44AE6A48297}.Debug|x64.ActiveCfg = Debug|Any CPU
		{F6AA87FB-E777-40E5-993E-A44AE6A48297}.Debug|x86.ActiveCfg = Debug|Any CPU
		{F6AA87FB-E777-40E5-993E-A44AE6A48297}.Release|Any CPU.ActiveCfg = Release|Any CPU
		{F6AA87FB-E777-40E5-993E-A44AE6A48297}.Release|x64.ActiveCfg = Release|Any CPU
		{F6AA87FB-E777-40E5-993E-A44AE6A48297}.Release|x86.ActiveCfg = Release|Any CPU
		{0F7D0C34-D116-4A65-B0B2-ECE470DC4242}.Debug|Any CPU.ActiveCfg = Debug|Any CPU
		{0F7D0C34-D116-4A65-B0B2-ECE470DC4242}.Debug|x64.ActiveCfg = Debug|Any CPU
		{0F7D0C34-D116-4A65-B0B2-ECE470DC4242}.Debug|x86.ActiveCfg = Debug|Any CPU
		{0F7D0C34-D116-4A65-B0B2-ECE470DC4242}.Release|Any CPU.ActiveCfg = Release|Any CPU
		{0F7D0C34-D116-4A65-B0B2-ECE470DC4242}.Release|x64.ActiveCfg = Release|Any CPU
		{0F7D0C34-D116-4A65-B0B2-ECE470DC4242}.Release|x86.ActiveCfg = Release|Any CPU
		{E273C2D1-F2FE-40C1-A110-1C1DEBCC6343}.Debug|Any CPU.ActiveCfg = Debug|Any CPU
		{E273C2D1-F2FE-40C1-A110-1C1DEBCC6343}.Debug|x64.ActiveCfg = Debug|Any CPU
		{E273C2D1-F2FE-40C1-A110-1C1DEBCC6343}.Debug|x86.ActiveCfg = Debug|Any CPU
		{E273C2D1-F2FE-40C1-A110-1C1DEBCC6343}.Release|Any CPU.ActiveCfg = Release|Any CPU
		{E273C2D1-F2FE-40C1-A110-1C1DEBCC6343}.Release|x64.ActiveCfg = Release|Any CPU
		{E273C2D1-F2FE-40C1-A110-1C1DEBCC6343}.Release|x86.ActiveCfg = Release|Any CPU
		{46308615-E818-4E51-9F7F-81585110118C}.Debug|Any CPU.ActiveCfg = Debug|Any CPU
		{46308615-E818-4E51-9F7F-81585110118C}.Debug|x64.ActiveCfg = Debug|Any CPU
		{46308615-E818-4E51-9F7F-81585110118C}.Debug|x86.ActiveCfg = Debug|Any CPU
		{46308615-E818-4E51-9F7F-81585110118C}.Release|Any CPU.ActiveCfg = Release|Any CPU
		{46308615-E818-4E51-9F7F-81585110118C}.Release|x64.ActiveCfg = Release|Any CPU
		{46308615-E818-4E51-9F7F-81585110118C}.Release|x86.ActiveCfg = Release|Any CPU
		{5C5701E0-9F63-43AA-A87E-FF64F5AC9903}.Debug|Any CPU.ActiveCfg = Debug|Any CPU
		{5C5701E0-9F63-43AA-A87E-FF64F5AC9903}.Debug|x64.ActiveCfg = Debug|Any CPU
		{5C5701E0-9F63-43AA-A87E-FF64F5AC9903}.Debug|x86.ActiveCfg = Debug|Any CPU
		{5C5701E0-9F63-43AA-A87E-FF64F5AC9903}.Release|Any CPU.ActiveCfg = Release|Any CPU
		{5C5701E0-9F63-43AA-A87E-FF64F5AC9903}.Release|x64.ActiveCfg = Release|Any CPU
		{5C5701E0-9F63-43AA-A87E-FF64F5AC9903}.Release|x86.ActiveCfg = Release|Any CPU
		{99B5042D-3230-4808-B85C-E63E068DCA3D}.Debug|Any CPU.ActiveCfg = Debug|Any CPU
		{99B5042D-3230-4808-B85C-E63E068DCA3D}.Debug|x64.ActiveCfg = Debug|Any CPU
		{99B5042D-3230-4808-B85C-E63E068DCA3D}.Debug|x86.ActiveCfg = Debug|Any CPU
		{99B5042D-3230-4808-B85C-E63E068DCA3D}.Release|Any CPU.ActiveCfg = Release|Any CPU
		{99B5042D-3230-4808-B85C-E63E068DCA3D}.Release|x64.ActiveCfg = Release|Any CPU
		{99B5042D-3230-4808-B85C-E63E068DCA3D}.Release|x86.ActiveCfg = Release|Any CPU
		{F15854E7-B3CB-4426-9B19-B572DD88CE5E}.Debug|Any CPU.ActiveCfg = Debug|Any CPU
		{F15854E7-B3CB-4426-9B19-B572DD88CE5E}.Debug|x64.ActiveCfg = Debug|Any CPU
		{F15854E7-B3CB-4426-9B19-B572DD88CE5E}.Debug|x86.ActiveCfg = Debug|Any CPU
		{F15854E7-B3CB-4426-9B19-B572DD88CE5E}.Release|Any CPU.ActiveCfg = Release|Any CPU
		{F15854E7-B3CB-4426-9B19-B572DD88CE5E}.Release|x64.ActiveCfg = Release|Any CPU
		{F15854E7-B3CB-4426-9B19-B572DD88CE5E}.Release|x86.ActiveCfg = Release|Any CPU
		{D5469E4C-AC67-4F3F-AD3B-91184411E7DC}.Debug|Any CPU.ActiveCfg = Debug|Any CPU
		{D5469E4C-AC67-4F3F-AD3B-91184411E7DC}.Debug|x64.ActiveCfg = Debug|Any CPU
		{D5469E4C-AC67-4F3F-AD3B-91184411E7DC}.Debug|x86.ActiveCfg = Debug|Any CPU
		{D5469E4C-AC67-4F3F-AD3B-91184411E7DC}.Release|Any CPU.ActiveCfg = Release|Any CPU
		{D5469E4C-AC67-4F3F-AD3B-91184411E7DC}.Release|x64.ActiveCfg = Release|Any CPU
		{D5469E4C-AC67-4F3F-AD3B-91184411E7DC}.Release|x86.ActiveCfg = Release|Any CPU
		{42634C30-9568-4875-A8D5-3D59B9DF0955}.Debug|Any CPU.ActiveCfg = Debug|Any CPU
		{42634C30-9568-4875-A8D5-3D59B9DF0955}.Debug|x64.ActiveCfg = Debug|Any CPU
		{42634C30-9568-4875-A8D5-3D59B9DF0955}.Debug|x86.ActiveCfg = Debug|Any CPU
		{42634C30-9568-4875-A8D5-3D59B9DF0955}.Release|Any CPU.ActiveCfg = Release|Any CPU
		{42634C30-9568-4875-A8D5-3D59B9DF0955}.Release|x64.ActiveCfg = Release|Any CPU
		{42634C30-9568-4875-A8D5-3D59B9DF0955}.Release|x86.ActiveCfg = Release|Any CPU
		{779F5A26-9798-4E1B-8C71-32D5FED07438}.Debug|Any CPU.ActiveCfg = Debug|Any CPU
		{779F5A26-9798-4E1B-8C71-32D5FED07438}.Debug|x64.ActiveCfg = Debug|Any CPU
		{779F5A26-9798-4E1B-8C71-32D5FED07438}.Debug|x86.ActiveCfg = Debug|Any CPU
		{779F5A26-9798-4E1B-8C71-32D5FED07438}.Release|Any CPU.ActiveCfg = Release|Any CPU
		{779F5A26-9798-4E1B-8C71-32D5FED07438}.Release|x64.ActiveCfg = Release|Any CPU
		{779F5A26-9798-4E1B-8C71-32D5FED07438}.Release|x86.ActiveCfg = Release|Any CPU
		{9ABCEED4-D5BE-4BFA-97B4-51237846B248}.Debug|Any CPU.ActiveCfg = Debug|Any CPU
		{9ABCEED4-D5BE-4BFA-97B4-51237846B248}.Debug|x64.ActiveCfg = Debug|Any CPU
		{9ABCEED4-D5BE-4BFA-97B4-51237846B248}.Debug|x86.ActiveCfg = Debug|Any CPU
		{9ABCEED4-D5BE-4BFA-97B4-51237846B248}.Release|Any CPU.ActiveCfg = Release|Any CPU
		{9ABCEED4-D5BE-4BFA-97B4-51237846B248}.Release|x64.ActiveCfg = Release|Any CPU
		{9ABCEED4-D5BE-4BFA-97B4-51237846B248}.Release|x86.ActiveCfg = Release|Any CPU
		{79E79CDA-F559-4DD9-8E08-17F66D2BF441}.Debug|Any CPU.ActiveCfg = Debug|Any CPU
		{79E79CDA-F559-4DD9-8E08-17F66D2BF441}.Debug|x64.ActiveCfg = Debug|Any CPU
		{79E79CDA-F559-4DD9-8E08-17F66D2BF441}.Debug|x86.ActiveCfg = Debug|Any CPU
		{79E79CDA-F559-4DD9-8E08-17F66D2BF441}.Release|Any CPU.ActiveCfg = Release|Any CPU
		{79E79CDA-F559-4DD9-8E08-17F66D2BF441}.Release|x64.ActiveCfg = Release|Any CPU
		{79E79CDA-F559-4DD9-8E08-17F66D2BF441}.Release|x86.ActiveCfg = Release|Any CPU
		{4DACCA9D-F8D2-4560-8059-127AE19F1067}.Debug|Any CPU.ActiveCfg = Debug|Any CPU
		{4DACCA9D-F8D2-4560-8059-127AE19F1067}.Debug|x64.ActiveCfg = Debug|Any CPU
		{4DACCA9D-F8D2-4560-8059-127AE19F1067}.Debug|x86.ActiveCfg = Debug|Any CPU
		{4DACCA9D-F8D2-4560-8059-127AE19F1067}.Release|Any CPU.ActiveCfg = Release|Any CPU
		{4DACCA9D-F8D2-4560-8059-127AE19F1067}.Release|x64.ActiveCfg = Release|Any CPU
		{4DACCA9D-F8D2-4560-8059-127AE19F1067}.Release|x86.ActiveCfg = Release|Any CPU
		{CF8FD905-63B1-4B7F-A984-90F75C60E2B0}.Debug|Any CPU.ActiveCfg = Debug|Any CPU
		{CF8FD905-63B1-4B7F-A984-90F75C60E2B0}.Debug|x64.ActiveCfg = Debug|Any CPU
		{CF8FD905-63B1-4B7F-A984-90F75C60E2B0}.Debug|x86.ActiveCfg = Debug|Any CPU
		{CF8FD905-63B1-4B7F-A984-90F75C60E2B0}.Release|Any CPU.ActiveCfg = Release|Any CPU
		{CF8FD905-63B1-4B7F-A984-90F75C60E2B0}.Release|x64.ActiveCfg = Release|Any CPU
		{CF8FD905-63B1-4B7F-A984-90F75C60E2B0}.Release|x86.ActiveCfg = Release|Any CPU
		{69E6CFC9-B732-478B-95AF-124EDB0BF67E}.Debug|Any CPU.ActiveCfg = Debug|Any CPU
		{69E6CFC9-B732-478B-95AF-124EDB0BF67E}.Debug|x64.ActiveCfg = Debug|Any CPU
		{69E6CFC9-B732-478B-95AF-124EDB0BF67E}.Debug|x86.ActiveCfg = Debug|Any CPU
		{69E6CFC9-B732-478B-95AF-124EDB0BF67E}.Release|Any CPU.ActiveCfg = Release|Any CPU
		{69E6CFC9-B732-478B-95AF-124EDB0BF67E}.Release|x64.ActiveCfg = Release|Any CPU
		{69E6CFC9-B732-478B-95AF-124EDB0BF67E}.Release|x86.ActiveCfg = Release|Any CPU
	EndGlobalSection
	GlobalSection(SolutionProperties) = preSolution
		HideSolutionNode = FALSE
	EndGlobalSection
	GlobalSection(NestedProjects) = preSolution
		{E273C2D1-F2FE-40C1-A110-1C1DEBCC6343} = {2C6BE4BA-3EC5-48FB-AF6D-7B7888813D99}
		{5C5701E0-9F63-43AA-A87E-FF64F5AC9903} = {2C6BE4BA-3EC5-48FB-AF6D-7B7888813D99}
		{99B5042D-3230-4808-B85C-E63E068DCA3D} = {835373BE-7AE4-4957-A054-04BCE2799EFE}
		{F15854E7-B3CB-4426-9B19-B572DD88CE5E} = {835373BE-7AE4-4957-A054-04BCE2799EFE}
		{D5469E4C-AC67-4F3F-AD3B-91184411E7DC} = {835373BE-7AE4-4957-A054-04BCE2799EFE}
		{42634C30-9568-4875-A8D5-3D59B9DF0955} = {2C6BE4BA-3EC5-48FB-AF6D-7B7888813D99}
		{779F5A26-9798-4E1B-8C71-32D5FED07438} = {2C6BE4BA-3EC5-48FB-AF6D-7B7888813D99}
		{9ABCEED4-D5BE-4BFA-97B4-51237846B248} = {02D3EE62-7BB3-44DD-818E-B85A6B5F66BB}
		{79E79CDA-F559-4DD9-8E08-17F66D2BF441} = {02D3EE62-7BB3-44DD-818E-B85A6B5F66BB}
		{02D3EE62-7BB3-44DD-818E-B85A6B5F66BB} = {2C6BE4BA-3EC5-48FB-AF6D-7B7888813D99}
		{4DACCA9D-F8D2-4560-8059-127AE19F1067} = {02D3EE62-7BB3-44DD-818E-B85A6B5F66BB}
		{CF8FD905-63B1-4B7F-A984-90F75C60E2B0} = {2C6BE4BA-3EC5-48FB-AF6D-7B7888813D99}
		{69E6CFC9-B732-478B-95AF-124EDB0BF67E} = {88CBAC67-0D24-4B74-8815-B837DED50617}
	EndGlobalSection
	GlobalSection(ExtensibilityGlobals) = postSolution
		SolutionGuid = {619E2A1C-F810-472A-8E5E-C6D8996F66F6}
	EndGlobalSection
EndGlobal
